
Microsoft Visual Studio Solution File, Format Version 12.00
# Visual Studio 14
VisualStudioVersion = 14.0.23107.0
MinimumVisualStudioVersion = 10.0.40219.1
Project("{FAE04EC0-301F-11D3-BF4B-00C04F79EFBC}") = "Functional", "Curry\Functional.csproj", "{ECAA9094-AFF6-4E6E-B2F4-2B5550B53560}"
EndProject
Project("{FAE04EC0-301F-11D3-BF4B-00C04F79EFBC}") = "CurryTest", "CurryTest\CurryTest.csproj", "{F08E95A7-DDFB-4D30-9CCB-C3CE56B19498}"
EndProject
Global
	GlobalSection(SolutionConfigurationPlatforms) = preSolution
		Debug|Any CPU = Debug|Any CPU
		Release|Any CPU = Release|Any CPU
	EndGlobalSection
	GlobalSection(ProjectConfigurationPlatforms) = postSolution
		{ECAA9094-AFF6-4E6E-B2F4-2B5550B53560}.Debug|Any CPU.ActiveCfg = Debug|Any CPU
		{ECAA9094-AFF6-4E6E-B2F4-2B5550B53560}.Debug|Any CPU.Build.0 = Debug|Any CPU
		{ECAA9094-AFF6-4E6E-B2F4-2B5550B53560}.Release|Any CPU.ActiveCfg = Release|Any CPU
		{ECAA9094-AFF6-4E6E-B2F4-2B5550B53560}.Release|Any CPU.Build.0 = Release|Any CPU
		{F08E95A7-DDFB-4D30-9CCB-C3CE56B19498}.Debug|Any CPU.ActiveCfg = Debug|Any CPU
		{F08E95A7-DDFB-4D30-9CCB-C3CE56B19498}.Debug|Any CPU.Build.0 = Debug|Any CPU
		{F08E95A7-DDFB-4D30-9CCB-C3CE56B19498}.Release|Any CPU.ActiveCfg = Release|Any CPU
		{F08E95A7-DDFB-4D30-9CCB-C3CE56B19498}.Release|Any CPU.Build.0 = Release|Any CPU
	EndGlobalSection
	GlobalSection(SolutionProperties) = preSolution
		HideSolutionNode = FALSE
	EndGlobalSection
EndGlobal
